Microsoft Visual Studio Solution File, Format Version 11.00
# Visual Studio 2008

Project("{6E74F607-923A-C12E-E069-3B0D25CDBE2B}") = "JUEGO DEFINITIVO", "Assembly-CSharp.csproj", "{1E1D42A2-99AF-D66E-CE70-1C060EECCB7C}"
EndProject
Global
	GlobalSection(SolutionConfigurationPlatforms) = preSolution
		Debug|Any CPU = Debug|Any CPU
		Release|Any CPU = Release|Any CPU
	EndGlobalSection
	GlobalSection(ProjectConfigurationPlatforms) = postSolution
		{1E1D42A2-99AF-D66E-CE70-1C060EECCB7C}.Debug|Any CPU.ActiveCfg = Debug|Any CPU
		{1E1D42A2-99AF-D66E-CE70-1C060EECCB7C}.Debug|Any CPU.Build.0 = Debug|Any CPU
		{1E1D42A2-99AF-D66E-CE70-1C060EECCB7C}.Release|Any CPU.ActiveCfg = Release|Any CPU
		{1E1D42A2-99AF-D66E-CE70-1C060EECCB7C}.Release|Any CPU.Build.0 = Release|Any CPU
	EndGlobalSection
	GlobalSection(SolutionProperties) = preSolution
		HideSolutionNode = FALSE
	EndGlobalSection
	GlobalSection(MonoDevelopProperties) = preSolution
		StartupItem = Assembly-CSharp.csproj
	EndGlobalSection
EndGlobal
