Microsoft Visual Studio Solution File, Format Version 11.00
# Visual Studio 2008

Project("{37DB84AB-DF12-6A74-53D0-B7DF0EED5E7F}") = "juegoDefinitivo", "Assembly-CSharp.csproj", "{456B546B-CEBB-28F2-86BB-5CB8A517EECB}"
EndProject
Global
	GlobalSection(SolutionConfigurationPlatforms) = preSolution
		Debug|Any CPU = Debug|Any CPU
		Release|Any CPU = Release|Any CPU
	EndGlobalSection
	GlobalSection(ProjectConfigurationPlatforms) = postSolution
		{456B546B-CEBB-28F2-86BB-5CB8A517EECB}.Debug|Any CPU.ActiveCfg = Debug|Any CPU
		{456B546B-CEBB-28F2-86BB-5CB8A517EECB}.Debug|Any CPU.Build.0 = Debug|Any CPU
		{456B546B-CEBB-28F2-86BB-5CB8A517EECB}.Release|Any CPU.ActiveCfg = Release|Any CPU
		{456B546B-CEBB-28F2-86BB-5CB8A517EECB}.Release|Any CPU.Build.0 = Release|Any CPU
	EndGlobalSection
	GlobalSection(SolutionProperties) = preSolution
		HideSolutionNode = FALSE
	EndGlobalSection
																																																																																																																																																		GlobalSection(MonoDevelopProperties) = preSolution
		StartupItem = Assembly-CSharp.csproj
		Policies = $0
		$0.TextStylePolicy = $1
		$1.inheritsSet = null
		$1.scope = text/x-csharp
		$0.CSharpFormattingPolicy = $2
		$2.inheritsSet = Mono
		$2.inheritsScope = text/x-csharp
		$2.scope = text/x-csharp
		$0.TextStylePolicy = $3
		$3.FileWidth = 120
		$3.TabWidth = 4
		$3.EolMarker = Unix
		$3.inheritsSet = Mono
		$3.inheritsScope = text/plain
		$3.scope = text/plain
	EndGlobalSection

EndGlobal
